
Microsoft Visual Studio Solution File, Format Version 12.00
# Visual Studio 15
VisualStudioVersion = 15.0.27703.2035
MinimumVisualStudioVersion = 10.0.40219.1
Project("{FAE04EC0-301F-11D3-BF4B-00C04F79EFBC}") = "beginner", "beginner\beginner.csproj", "{ED77CC0F-CEE9-4233-A773-20D0E1BFDB39}"
EndProject
Project("{FAE04EC0-301F-11D3-BF4B-00C04F79EFBC}") = "ref_out", "ref_out\ref_out.csproj", "{B0B5B2A3-C271-46F7-9B3F-A1236668865C}"
EndProject
Project("{FAE04EC0-301F-11D3-BF4B-00C04F79EFBC}") = "OOP_overloding_classcopy_etc", "OOP_overloding_class-copy_etc\OOP_overloding_classcopy_etc.csproj", "{D70D3A81-CEF5-4E85-B380-EA0B6FAB32F6}"
EndProject
Project("{FAE04EC0-301F-11D3-BF4B-00C04F79EFBC}") = "test", "test\test.csproj", "{ECF55A2F-DE8C-4F12-ABF7-B899FAC308F8}"
EndProject
Project("{FAE04EC0-301F-11D3-BF4B-00C04F79EFBC}") = "arrays", "arrays\arrays.csproj", "{5DD81464-EB4B-46D5-BA41-C3B5C244E5C0}"
EndProject
Project("{FAE04EC0-301F-11D3-BF4B-00C04F79EFBC}") = "classintoclass", "classintoclass\classintoclass.csproj", "{E7F68D83-9F2D-473A-8E9A-B2578BB8A830}"
EndProject
Project("{FAE04EC0-301F-11D3-BF4B-00C04F79EFBC}") = "stringsText", "stringsText\stringsText.csproj", "{F7074A72-6656-40BB-BF42-606270DDCC5E}"
EndProject
Project("{FAE04EC0-301F-11D3-BF4B-00C04F79EFBC}") = "ConsoleApp2", "ConsoleApp2\ConsoleApp2.csproj", "{3CD0F272-B01A-4337-B979-EE74E0C43E93}"
EndProject
Global
	GlobalSection(SolutionConfigurationPlatforms) = preSolution
		Debug|Any CPU = Debug|Any CPU
		Release|Any CPU = Release|Any CPU
	EndGlobalSection
	GlobalSection(ProjectConfigurationPlatforms) = postSolution
		{ED77CC0F-CEE9-4233-A773-20D0E1BFDB39}.Debug|Any CPU.ActiveCfg = Debug|Any CPU
		{ED77CC0F-CEE9-4233-A773-20D0E1BFDB39}.Debug|Any CPU.Build.0 = Debug|Any CPU
		{ED77CC0F-CEE9-4233-A773-20D0E1BFDB39}.Release|Any CPU.ActiveCfg = Release|Any CPU
		{ED77CC0F-CEE9-4233-A773-20D0E1BFDB39}.Release|Any CPU.Build.0 = Release|Any CPU
		{B0B5B2A3-C271-46F7-9B3F-A1236668865C}.Debug|Any CPU.ActiveCfg = Debug|Any CPU
		{B0B5B2A3-C271-46F7-9B3F-A1236668865C}.Debug|Any CPU.Build.0 = Debug|Any CPU
		{B0B5B2A3-C271-46F7-9B3F-A1236668865C}.Release|Any CPU.ActiveCfg = Release|Any CPU
		{B0B5B2A3-C271-46F7-9B3F-A1236668865C}.Release|Any CPU.Build.0 = Release|Any CPU
		{D70D3A81-CEF5-4E85-B380-EA0B6FAB32F6}.Debug|Any CPU.ActiveCfg = Debug|Any CPU
		{D70D3A81-CEF5-4E85-B380-EA0B6FAB32F6}.Debug|Any CPU.Build.0 = Debug|Any CPU
		{D70D3A81-CEF5-4E85-B380-EA0B6FAB32F6}.Release|Any CPU.ActiveCfg = Release|Any CPU
		{D70D3A81-CEF5-4E85-B380-EA0B6FAB32F6}.Release|Any CPU.Build.0 = Release|Any CPU
		{ECF55A2F-DE8C-4F12-ABF7-B899FAC308F8}.Debug|Any CPU.ActiveCfg = Debug|Any CPU
		{ECF55A2F-DE8C-4F12-ABF7-B899FAC308F8}.Debug|Any CPU.Build.0 = Debug|Any CPU
		{ECF55A2F-DE8C-4F12-ABF7-B899FAC308F8}.Release|Any CPU.ActiveCfg = Release|Any CPU
		{ECF55A2F-DE8C-4F12-ABF7-B899FAC308F8}.Release|Any CPU.Build.0 = Release|Any CPU
		{5DD81464-EB4B-46D5-BA41-C3B5C244E5C0}.Debug|Any CPU.ActiveCfg = Debug|Any CPU
		{5DD81464-EB4B-46D5-BA41-C3B5C244E5C0}.Debug|Any CPU.Build.0 = Debug|Any CPU
		{5DD81464-EB4B-46D5-BA41-C3B5C244E5C0}.Release|Any CPU.ActiveCfg = Release|Any CPU
		{5DD81464-EB4B-46D5-BA41-C3B5C244E5C0}.Release|Any CPU.Build.0 = Release|Any CPU
		{E7F68D83-9F2D-473A-8E9A-B2578BB8A830}.Debug|Any CPU.ActiveCfg = Debug|Any CPU
		{E7F68D83-9F2D-473A-8E9A-B2578BB8A830}.Debug|Any CPU.Build.0 = Debug|Any CPU
		{E7F68D83-9F2D-473A-8E9A-B2578BB8A830}.Release|Any CPU.ActiveCfg = Release|Any CPU
		{E7F68D83-9F2D-473A-8E9A-B2578BB8A830}.Release|Any CPU.Build.0 = Release|Any CPU
		{F7074A72-6656-40BB-BF42-606270DDCC5E}.Debug|Any CPU.ActiveCfg = Debug|Any CPU
		{F7074A72-6656-40BB-BF42-606270DDCC5E}.Debug|Any CPU.Build.0 = Debug|Any CPU
		{F7074A72-6656-40BB-BF42-606270DDCC5E}.Release|Any CPU.ActiveCfg = Release|Any CPU
		{F7074A72-6656-40BB-BF42-606270DDCC5E}.Release|Any CPU.Build.0 = Release|Any CPU
		{3CD0F272-B01A-4337-B979-EE74E0C43E93}.Debug|Any CPU.ActiveCfg = Debug|Any CPU
		{3CD0F272-B01A-4337-B979-EE74E0C43E93}.Debug|Any CPU.Build.0 = Debug|Any CPU
		{3CD0F272-B01A-4337-B979-EE74E0C43E93}.Release|Any CPU.ActiveCfg = Release|Any CPU
		{3CD0F272-B01A-4337-B979-EE74E0C43E93}.Release|Any CPU.Build.0 = Release|Any CPU
	EndGlobalSection
	GlobalSection(SolutionProperties) = preSolution
		HideSolutionNode = FALSE
	EndGlobalSection
	GlobalSection(ExtensibilityGlobals) = postSolution
		SolutionGuid = {2504458C-6CD3-4238-AA03-A63DD791C4E9}
	EndGlobalSection
EndGlobal
